{
  "name": "node-gles3",
  "version": "1.0.0",
  "lockfileVersion": 1,
  "dependencies": {
    "@types/node": {
      "version": "7.0.27",
      "resolved": "https://registry.npmjs.org/@types/node/-/node-7.0.27.tgz",
      "integrity": "sha512-2QMiuVOEye2yKmMwE1V96C9HSShmT0WSm6dv2WjacvePEjQNNJGAerTO5hdYhj5lpdK5MW+FVxmyzDhr4omIdw==",
      "dev": true
    },
    "bindings": {
      "version": "1.2.1",
      "resolved": "https://registry.npmjs.org/bindings/-/bindings-1.2.1.tgz",
      "integrity": "sha1-FK1hE4EtLTfXLme0ystLtyZQXxE="
    }
  }
}
